
Microsoft Visual Studio Solution File, Format Version 12.00
# Visual Studio Version 17
VisualStudioVersion = 17.13.35825.156 d17.13
MinimumVisualStudioVersion = 10.0.40219.1
Project("{FAE04EC0-301F-11D3-BF4B-00C04F79EFBC}") = "WebApi", "WebApi.csproj", "{38153D07-8D39-4755-996C-9F53D19F5EDD}"
EndProject
Global
	GlobalSection(SolutionConfigurationPlatforms) = preSolution
		Debug|Any CPU = Debug|Any CPU
		Release|Any CPU = Release|Any CPU
	EndGlobalSection
	GlobalSection(ProjectConfigurationPlatforms) = postSolution
		{38153D07-8D39-4755-996C-9F53D19F5EDD}.Debug|Any CPU.ActiveCfg = Debug|Any CPU
		{38153D07-8D39-4755-996C-9F53D19F5EDD}.Debug|Any CPU.Build.0 = Debug|Any CPU
		{38153D07-8D39-4755-996C-9F53D19F5EDD}.Release|Any CPU.ActiveCfg = Release|Any CPU
		{38153D07-8D39-4755-996C-9F53D19F5EDD}.Release|Any CPU.Build.0 = Release|Any CPU
	EndGlobalSection
	GlobalSection(SolutionProperties) = preSolution
		HideSolutionNode = FALSE
	EndGlobalSection
	GlobalSection(ExtensibilityGlobals) = postSolution
		SolutionGuid = {E3C8504C-237E-4301-84EE-81FFCF18CF0F}
	EndGlobalSection
EndGlobal
